// !$*UTF8*$!
{
	archiveVersion = 1;
	classes = {
	};
	objectVersion = 46;
	objects = {

/* Begin PBXBuildFile section */
		D558D1EA1D02A23800B9581C /* AppDelegate.swift in Sources */ = {isa = PBXBuildFile; fileRef = D558D1E91D02A23800B9581C /* AppDelegate.swift */; };
		D558D1EC1D02A23800B9581C /* ViewController.swift in Sources */ = {isa = PBXBuildFile; fileRef = D558D1EB1D02A23800B9581C /* ViewController.swift */; };
		D558D1EF1D02A23900B9581C /* Main.storyboard in Resources */ = {isa = PBXBuildFile; fileRef = D558D1ED1D02A23900B9581C /* Main.storyboard */; };
		D558D1F11D02A23900B9581C /* Assets.xcassets in Resources */ = {isa = PBXBuildFile; fileRef = D558D1F01D02A23900B9581C /* Assets.xcassets */; };
		D558D1F41D02A23900B9581C /* LaunchScreen.storyboard in Resources */ = {isa = PBXBuildFile; fileRef = D558D1F21D02A23900B9581C /* LaunchScreen.storyboard */; };
		D558D1FF1D02A23900B9581C /* count160604Tests.swift in Sources */ = {isa = PBXBuildFile; fileRef = D558D1FE1D02A23900B9581C /* count160604Tests.swift */; };
		D558D20A1D02A23900B9581C /* count160604UITests.swift in Sources */ = {isa = PBXBuildFile; fileRef = D558D2091D02A23900B9581C /* count160604UITests.swift */; };
/* End PBXBuildFile section */

/* Begin PBXContainerItemProxy section */
		D558D1FB1D02A23900B9581C /* PBXContainerItemProxy */ = {
			isa = PBXContainerItemProxy;
			containerPortal = D558D1DE1D02A23800B9581C /* Project object */;
			proxyType = 1;
			remoteGlobalIDString = D558D1E51D02A23800B9581C;
			remoteInfo = count160604;
		};
		D558D2061D02A23900B9581C /* PBXContainerItemProxy */ = {
			isa = PBXContainerItemProxy;
			containerPortal = D558D1DE1D02A23800B9581C /* Project object */;
			proxyType = 1;
			remoteGlobalIDString = D558D1E51D02A23800B9581C;
			remoteInfo = count160604;
		};
/* End PBXContainerItemProxy section */

/* Begin PBXFileReference section */
		D558D1E61D02A23800B9581C /* count160604.app */ = {isa = PBXFileReference; explicitFileType = wrapper.application; includeInIndex = 0; path = count160604.app; sourceTree = BUILT_PRODUCTS_DIR; };
		D558D1E91D02A23800B9581C /* AppDelegate.swift */ = {isa = PBXFileReference; lastKnownFileType = sourcecode.swift; path = AppDelegate.swift; sourceTree = "<group>"; };
		D558D1EB1D02A23800B9581C /* ViewController.swift */ = {isa = PBXFileReference; lastKnownFileType = sourcecode.swift; path = ViewController.swift; sourceTree = "<group>"; };
		D558D1EE1D02A23900B9581C /* Base */ = {isa = PBXFileReference; lastKnownFileType = file.storyboard; name = Base; path = Base.lproj/Main.storyboard; sourceTree = "<group>"; };
		D558D1F01D02A23900B9581C /* Assets.xcassets */ = {isa = PBXFileReference; lastKnownFileType = folder.assetcatalog; path = Assets.xcassets; sourceTree = "<group>"; };
		D558D1F31D02A23900B9581C /* Base */ = {isa = PBXFileReference; lastKnownFileType = file.storyboard; name = Base; path = Base.lproj/LaunchScreen.storyboard; sourceTree = "<group>"; };
		D558D1F51D02A23900B9581C /* Info.plist */ = {isa = PBXFileReference; lastKnownFileType = text.plist.xml; path = Info.plist; sourceTree = "<group>"; };
		D558D1FA1D02A23900B9581C /* count160604Tests.xctest */ = {isa = PBXFileReference; explicitFileType = wrapper.cfbundle; includeInIndex = 0; path = count160604Tests.xctest; sourceTree = BUILT_PRODUCTS_DIR; };
		D558D1FE1D02A23900B9581C /* count160604Tests.swift */ = {isa = PBXFileReference; lastKnownFileType = sourcecode.swift; path = count160604Tests.swift; sourceTree = "<group>"; };
		D558D2001D02A23900B9581C /* Info.plist */ = {isa = PBXFileReference; lastKnownFileType = text.plist.xml; path = Info.plist; sourceTree = "<group>"; };
		D558D2051D02A23900B9581C /* count160604UITests.xctest */ = {isa = PBXFileReference; explicitFileType = wrapper.cfbundle; includeInIndex = 0; path = count160604UITests.xctest; sourceTree = BUILT_PRODUCTS_DIR; };
		D558D2091D02A23900B9581C /* count160604UITests.swift */ = {isa = PBXFileReference; lastKnownFileType = sourcecode.swift; path = count160604UITests.swift; sourceTree = "<group>"; };
		D558D20B1D02A23900B9581C /* Info.plist */ = {isa = PBXFileReference; lastKnownFileType = text.plist.xml; path = Info.plist; sourceTree = "<group>"; };
/* End PBXFileReference section */

/* Begin PBXFrameworksBuildPhase section */
		D558D1E31D02A23800B9581C /* Frameworks */ = {
			isa = PBXFrameworksBuildPhase;
			buildActionMask = 2147483647;
			files = (
			);
			runOnlyForDeploymentPostprocessing = 0;
		};
		D558D1F71D02A23900B9581C /* Frameworks */ = {
			isa = PBXFrameworksBuildPhase;
			buildActionMask = 2147483647;
			files = (
			);
			runOnlyForDeploymentPostprocessing = 0;
		};
		D558D2021D02A23900B9581C /* Frameworks */ = {
			isa = PBXFrameworksBuildPhase;
			buildActionMask = 2147483647;
			files = (
			);
			runOnlyForDeploymentPostprocessing = 0;
		};
/* End PBXFrameworksBuildPhase section */

/* Begin PBXGroup section */
		D558D1DD1D02A23800B9581C = {
			isa = PBXGroup;
			children = (
				D558D1E81D02A23800B9581C /* count160604 */,
				D558D1FD1D02A23900B9581C /* count160604Tests */,
				D558D2081D02A23900B9581C /* count160604UITests */,
				D558D1E71D02A23800B9581C /* Products */,
			);
			sourceTree = "<group>";
		};
		D558D1E71D02A23800B9581C /* Products */ = {
			isa = PBXGroup;
			children = (
				D558D1E61D02A23800B9581C /* count160604.app */,
				D558D1FA1D02A23900B9581C /* count160604Tests.xctest */,
				D558D2051D02A23900B9581C /* count160604UITests.xctest */,
			);
			name = Products;
			sourceTree = "<group>";
		};
		D558D1E81D02A23800B9581C /* count160604 */ = {
			isa = PBXGroup;
			children = (
				D558D1E91D02A23800B9581C /* AppDelegate.swift */,
				D558D1EB1D02A23800B9581C /* ViewController.swift */,
				D558D1ED1D02A23900B9581C /* Main.storyboard */,
				D558D1F01D02A23900B9581C /* Assets.xcassets */,
				D558D1F21D02A23900B9581C /* LaunchScreen.storyboard */,
				D558D1F51D02A23900B9581C /* Info.plist */,
			);
			path = count160604;
			sourceTree = "<group>";
		};
		D558D1FD1D02A23900B9581C /* count160604Tests */ = {
			isa = PBXGroup;
			children = (
				D558D1FE1D02A23900B9581C /* count160604Tests.swift */,
				D558D2001D02A23900B9581C /* Info.plist */,
			);
			path = count160604Tests;
			sourceTree = "<group>";
		};
		D558D2081D02A23900B9581C /* count160604UITests */ = {
			isa = PBXGroup;
			children = (
				D558D2091D02A23900B9581C /* count160604UITests.swift */,
				D558D20B1D02A23900B9581C /* Info.plist */,
			);
			path = count160604UITests;
			sourceTree = "<group>";
		};
/* End PBXGroup section */

/* Begin PBXNativeTarget section */
		D558D1E51D02A23800B9581C /* count160604 */ = {
			isa = PBXNativeTarget;
			buildConfigurationList = D558D20E1D02A23900B9581C /* Build configuration list for PBXNativeTarget "count160604" */;
			buildPhases = (
				D558D1E21D02A23800B9581C /* Sources */,
				D558D1E31D02A23800B9581C /* Frameworks */,
				D558D1E41D02A23800B9581C /* Resources */,
			);
			buildRules = (
			);
			dependencies = (
			);
			name = count160604;
			productName = count160604;
			productReference = D558D1E61D02A23800B9581C /* count160604.app */;
			productType = "com.apple.product-type.application";
		};
		D558D1F91D02A23900B9581C /* count160604Tests */ = {
			isa = PBXNativeTarget;
			buildConfigurationList = D558D2111D02A23900B9581C /* Build configuration list for PBXNativeTarget "count160604Tests" */;
			buildPhases = (
				D558D1F61D02A23900B9581C /* Sources */,
				D558D1F71D02A23900B9581C /* Frameworks */,
				D558D1F81D02A23900B9581C /* Resources */,
			);
			buildRules = (
			);
			dependencies = (
				D558D1FC1D02A23900B9581C /* PBXTargetDependency */,
			);
			name = count160604Tests;
			productName = count160604Tests;
			productReference = D558D1FA1D02A23900B9581C /* count160604Tests.xctest */;
			productType = "com.apple.product-type.bundle.unit-test";
		};
		D558D2041D02A23900B9581C /* count160604UITests */ = {
			isa = PBXNativeTarget;
			buildConfigurationList = D558D2141D02A23900B9581C /* Build configuration list for PBXNativeTarget "count160604UITests" */;
			buildPhases = (
				D558D2011D02A23900B9581C /* Sources */,
				D558D2021D02A23900B9581C /* Frameworks */,
				D558D2031D02A23900B9581C /* Resources */,
			);
			buildRules = (
			);
			dependencies = (
				D558D2071D02A23900B9581C /* PBXTargetDependency */,
			);
			name = count160604UITests;
			productName = count160604UITests;
			productReference = D558D2051D02A23900B9581C /* count160604UITests.xctest */;
			productType = "com.apple.product-type.bundle.ui-testing";
		};
/* End PBXNativeTarget section */

/* Begin PBXProject section */
		D558D1DE1D02A23800B9581C /* Project object */ = {
			isa = PBXProject;
			attributes = {
				LastSwiftUpdateCheck = 0730;
				LastUpgradeCheck = 0730;
				ORGANIZATIONNAME = NakayaKana;
				TargetAttributes = {
					D558D1E51D02A23800B9581C = {
						CreatedOnToolsVersion = 7.3.1;
					};
					D558D1F91D02A23900B9581C = {
						CreatedOnToolsVersion = 7.3.1;
						TestTargetID = D558D1E51D02A23800B9581C;
					};
					D558D2041D02A23900B9581C = {
						CreatedOnToolsVersion = 7.3.1;
						TestTargetID = D558D1E51D02A23800B9581C;
					};
				};
			};
			buildConfigurationList = D558D1E11D02A23800B9581C /* Build configuration list for PBXProject "count160604" */;
			compatibilityVersion = "Xcode 3.2";
			developmentRegion = English;
			hasScannedForEncodings = 0;
			knownRegions = (
				en,
				Base,
			);
			mainGroup = D558D1DD1D02A23800B9581C;
			productRefGroup = D558D1E71D02A23800B9581C /* Products */;
			projectDirPath = "";
			projectRoot = "";
			targets = (
				D558D1E51D02A23800B9581C /* count160604 */,
				D558D1F91D02A23900B9581C /* count160604Tests */,
				D558D2041D02A23900B9581C /* count160604UITests */,
			);
		};
/* End PBXProject section */

/* Begin PBXResourcesBuildPhase section */
		D558D1E41D02A23800B9581C /* Resources */ = {
			isa = PBXResourcesBuildPhase;
			buildActionMask = 2147483647;
			files = (
				D558D1F41D02A23900B9581C /* LaunchScreen.storyboard in Resources */,
				D558D1F11D02A23900B9581C /* Assets.xcassets in Resources */,
				D558D1EF1D02A23900B9581C /* Main.storyboard in Resources */,
			);
			runOnlyForDeploymentPostprocessing = 0;
		};
		D558D1F81D02A23900B9581C /* Resources */ = {
			isa = PBXResourcesBuildPhase;
			buildActionMask = 2147483647;
			files = (
			);
			runOnlyForDeploymentPostprocessing = 0;
		};
		D558D2031D02A23900B9581C /* Resources */ = {
			isa = PBXResourcesBuildPhase;
			buildActionMask = 2147483647;
			files = (
			);
			runOnlyForDeploymentPostprocessing = 0;
		};
/* End PBXResourcesBuildPhase section */

/* Begin PBXSourcesBuildPhase section */
		D558D1E21D02A23800B9581C /* Sources */ = {
			isa = PBXSourcesBuildPhase;
			buildActionMask = 2147483647;
			files = (
				D558D1EC1D02A23800B9581C /* ViewController.swift in Sources */,
				D558D1EA1D02A23800B9581C /* AppDelegate.swift in Sources */,
			);
			runOnlyForDeploymentPostprocessing = 0;
		};
		D558D1F61D02A23900B9581C /* Sources */ = {
			isa = PBXSourcesBuildPhase;
			buildActionMask = 2147483647;
			files = (
				D558D1FF1D02A23900B9581C /* count160604Tests.swift in Sources */,
			);
			runOnlyForDeploymentPostprocessing = 0;
		};
		D558D2011D02A23900B9581C /* Sources */ = {
			isa = PBXSourcesBuildPhase;
			buildActionMask = 2147483647;
			files = (
				D558D20A1D02A23900B9581C /* count160604UITests.swift in Sources */,
			);
			runOnlyForDeploymentPostprocessing = 0;
		};
/* End PBXSourcesBuildPhase section */

/* Begin PBXTargetDependency section */
		D558D1FC1D02A23900B9581C /* PBXTargetDependency */ = {
			isa = PBXTargetDependency;
			target = D558D1E51D02A23800B9581C /* count160604 */;
			targetProxy = D558D1FB1D02A23900B9581C /* PBXContainerItemProxy */;
		};
		D558D2071D02A23900B9581C /* PBXTargetDependency */ = {
			isa = PBXTargetDependency;
			target = D558D1E51D02A23800B9581C /* count160604 */;
			targetProxy = D558D2061D02A23900B9581C /* PBXContainerItemProxy */;
		};
/* End PBXTargetDependency section */

/* Begin PBXVariantGroup section */
		D558D1ED1D02A23900B9581C /* Main.storyboard */ = {
			isa = PBXVariantGroup;
			children = (
				D558D1EE1D02A23900B9581C /* Base */,
			);
			name = Main.storyboard;
			sourceTree = "<group>";
		};
		D558D1F21D02A23900B9581C /* LaunchScreen.storyboard */ = {
			isa = PBXVariantGroup;
			children = (
				D558D1F31D02A23900B9581C /* Base */,
			);
			name = LaunchScreen.storyboard;
			sourceTree = "<group>";
		};
/* End PBXVariantGroup section */

/* Begin XCBuildConfiguration section */
		D558D20C1D02A23900B9581C /* Debug */ = {
			isa = XCBuildConfiguration;
			buildSettings = {
				ALWAYS_SEARCH_USER_PATHS = NO;
				CLANG_ANALYZER_NONNULL = YES;
				CLANG_CXX_LANGUAGE_STANDARD = "gnu++0x";
				CLANG_CXX_LIBRARY = "libc++";
				CLANG_ENABLE_MODULES = YES;
				CLANG_ENABLE_OBJC_ARC = YES;
				CLANG_WARN_BOOL_CONVERSION = YES;
				CLANG_WARN_CONSTANT_CONVERSION = YES;
				CLANG_WARN_DIRECT_OBJC_ISA_USAGE = YES_ERROR;
				CLANG_WARN_EMPTY_BODY = YES;
				CLANG_WARN_ENUM_CONVERSION = YES;
				CLANG_WARN_INT_CONVERSION = YES;
				CLANG_WARN_OBJC_ROOT_CLASS = YES_ERROR;
				CLANG_WARN_UNREACHABLE_CODE = YES;
				CLANG_WARN__DUPLICATE_METHOD_MATCH = YES;
				"CODE_SIGN_IDENTITY[sdk=iphoneos*]" = "iPhone Developer";
				COPY_PHASE_STRIP = NO;
				DEBUG_INFORMATION_FORMAT = dwarf;
				ENABLE_STRICT_OBJC_MSGSEND = YES;
				ENABLE_TESTABILITY = YES;
				GCC_C_LANGUAGE_STANDARD = gnu99;
				GCC_DYNAMIC_NO_PIC = NO;
				GCC_NO_COMMON_BLOCKS = YES;
				GCC_OPTIMIZATION_LEVEL = 0;
				GCC_PREPROCESSOR_DEFINITIONS = (
					"DEBUG=1",
					"$(inherited)",
				);
				GCC_WARN_64_TO_32_BIT_CONVERSION = YES;
				GCC_WARN_ABOUT_RETURN_TYPE = YES_ERROR;
				GCC_WARN_UNDECLARED_SELECTOR = YES;
				GCC_WARN_UNINITIALIZED_AUTOS = YES_AGGRESSIVE;
				GCC_WARN_UNUSED_FUNCTION = YES;
				GCC_WARN_UNUSED_VARIABLE = YES;
				IPHONEOS_DEPLOYMENT_TARGET = 9.3;
				MTL_ENABLE_DEBUG_INFO = YES;
				ONLY_ACTIVE_ARCH = YES;
				SDKROOT = iphoneos;
				SWIFT_OPTIMIZATION_LEVEL = "-Onone";
			};
			name = Debug;
		};
		D558D20D1D02A23900B9581C /* Release */ = {
			isa = XCBuildConfiguration;
			buildSettings = {
				ALWAYS_SEARCH_USER_PATHS = NO;
				CLANG_ANALYZER_NONNULL = YES;
				CLANG_CXX_LANGUAGE_STANDARD = "gnu++0x";
				CLANG_CXX_LIBRARY = "libc++";
				CLANG_ENABLE_MODULES = YES;
				CLANG_ENABLE_OBJC_ARC = YES;
				CLANG_WARN_BOOL_CONVERSION = YES;
				CLANG_WARN_CONSTANT_CONVERSION = YES;
				CLANG_WARN_DIRECT_OBJC_ISA_USAGE = YES_ERROR;
				CLANG_WARN_EMPTY_BODY = YES;
				CLANG_WARN_ENUM_CONVERSION = YES;
				CLANG_WARN_INT_CONVERSION = YES;
				CLANG_WARN_OBJC_ROOT_CLASS = YES_ERROR;
				CLANG_WARN_UNREACHABLE_CODE = YES;
				CLANG_WARN__DUPLICATE_METHOD_MATCH = YES;
				"CODE_SIGN_IDENTITY[sdk=iphoneos*]" = "iPhone Developer";
				COPY_PHASE_STRIP = NO;
				DEBUG_INFORMATION_FORMAT = "dwarf-with-dsym";
				ENABLE_NS_ASSERTIONS = NO;
				ENABLE_STRICT_OBJC_MSGSEND = YES;
				GCC_C_LANGUAGE_STANDARD = gnu99;
				GCC_NO_COMMON_BLOCKS = YES;
				GCC_WARN_64_TO_32_BIT_CONVERSION = YES;
				GCC_WARN_ABOUT_RETURN_TYPE = YES_ERROR;
				GCC_WARN_UNDECLARED_SELECTOR = YES;
				GCC_WARN_UNINITIALIZED_AUTOS = YES_AGGRESSIVE;
				GCC_WARN_UNUSED_FUNCTION = YES;
				GCC_WARN_UNUSED_VARIABLE = YES;
				IPHONEOS_DEPLOYMENT_TARGET = 9.3;
				MTL_ENABLE_DEBUG_INFO = NO;
				SDKROOT = iphoneos;
				VALIDATE_PRODUCT = YES;
			};
			name = Release;
		};
		D558D20F1D02A23900B9581C /* Debug */ = {
			isa = XCBuildConfiguration;
			buildSettings = {
				ASSETCATALOG_COMPILER_APPICON_NAME = AppIcon;
				INFOPLIST_FILE = count160604/Info.plist;
				LD_RUNPATH_SEARCH_PATHS = "$(inherited) @executable_path/Frameworks";
				PRODUCT_BUNDLE_IDENTIFIER = NakayaKana.count160604;
				PRODUCT_NAME = "$(TARGET_NAME)";
			};
			name = Debug;
		};
		D558D2101D02A23900B9581C /* Release */ = {
			isa = XCBuildConfiguration;
			buildSettings = {
				ASSETCATALOG_COMPILER_APPICON_NAME = AppIcon;
				INFOPLIST_FILE = count160604/Info.plist;
				LD_RUNPATH_SEARCH_PATHS = "$(inherited) @executable_path/Frameworks";
				PRODUCT_BUNDLE_IDENTIFIER = NakayaKana.count160604;
				PRODUCT_NAME = "$(TARGET_NAME)";
			};
			name = Release;
		};
		D558D2121D02A23900B9581C /* Debug */ = {
			isa = XCBuildConfiguration;
			buildSettings = {
				BUNDLE_LOADER = "$(TEST_HOST)";
				INFOPLIST_FILE = count160604Tests/Info.plist;
				LD_RUNPATH_SEARCH_PATHS = "$(inherited) @executable_path/Frameworks @loader_path/Frameworks";
				PRODUCT_BUNDLE_IDENTIFIER = NakayaKana.count160604Tests;
				PRODUCT_NAME = "$(TARGET_NAME)";
				TEST_HOST = "$(BUILT_PRODUCTS_DIR)/count160604.app/count160604";
			};
			name = Debug;
		};
		D558D2131D02A23900B9581C /* Release */ = {
			isa = XCBuildConfiguration;
			buildSettings = {
				BUNDLE_LOADER = "$(TEST_HOST)";
				INFOPLIST_FILE = count160604Tests/Info.plist;
				LD_RUNPATH_SEARCH_PATHS = "$(inherited) @executable_path/Frameworks @loader_path/Frameworks";
				PRODUCT_BUNDLE_IDENTIFIER = NakayaKana.count160604Tests;
				PRODUCT_NAME = "$(TARGET_NAME)";
				TEST_HOST = "$(BUILT_PRODUCTS_DIR)/count160604.app/count160604";
			};
			name = Release;
		};
		D558D2151D02A23900B9581C /* Debug */ = {
			isa = XCBuildConfiguration;
			buildSettings = {
				INFOPLIST_FILE = count160604UITests/Info.plist;
				LD_RUNPATH_SEARCH_PATHS = "$(inherited) @executable_path/Frameworks @loader_path/Frameworks";
				PRODUCT_BUNDLE_IDENTIFIER = NakayaKana.count160604UITests;
				PRODUCT_NAME = "$(TARGET_NAME)";
				TEST_TARGET_NAME = count160604;
			};
			name = Debug;
		};
		D558D2161D02A23900B9581C /* Release */ = {
			isa = XCBuildConfiguration;
			buildSettings = {
				INFOPLIST_FILE = count160604UITests/Info.plist;
				LD_RUNPATH_SEARCH_PATHS = "$(inherited) @executable_path/Frameworks @loader_path/Frameworks";
				PRODUCT_BUNDLE_IDENTIFIER = NakayaKana.count160604UITests;
				PRODUCT_NAME = "$(TARGET_NAME)";
				TEST_TARGET_NAME = count160604;
			};
			name = Release;
		};
/* End XCBuildConfiguration section */

/* Begin XCConfigurationList section */
		D558D1E11D02A23800B9581C /* Build configuration list for PBXProject "count160604" */ = {
			isa = XCConfigurationList;
			buildConfigurations = (
				D558D20C1D02A23900B9581C /* Debug */,
				D558D20D1D02A23900B9581C /* Release */,
			);
			defaultConfigurationIsVisible = 0;
			defaultConfigurationName = Release;
		};
		D558D20E1D02A23900B9581C /* Build configuration list for PBXNativeTarget "count160604" */ = {
			isa = XCConfigurationList;
			buildConfigurations = (
				D558D20F1D02A23900B9581C /* Debug */,
				D558D2101D02A23900B9581C /* Release */,
			);
			defaultConfigurationIsVisible = 0;
		};
		D558D2111D02A23900B9581C /* Build configuration list for PBXNativeTarget "count160604Tests" */ = {
			isa = XCConfigurationList;
			buildConfigurations = (
				D558D2121D02A23900B9581C /* Debug */,
				D558D2131D02A23900B9581C /* Release */,
			);
			defaultConfigurationIsVisible = 0;
		};
		D558D2141D02A23900B9581C /* Build configuration list for PBXNativeTarget "count160604UITests" */ = {
			isa = XCConfigurationList;
			buildConfigurations = (
				D558D2151D02A23900B9581C /* Debug */,
				D558D2161D02A23900B9581C /* Release */,
			);
			defaultConfigurationIsVisible = 0;
		};
/* End XCConfigurationList section */
	};
	rootObject = D558D1DE1D02A23800B9581C /* Project object */;
}
